// !$*UTF8*$!
{
	archiveVersion = 1;
	classes = {
	};
	objectVersion = 50;
	objects = {

/* Begin PBXBuildFile section */
		C59A3D342604980A001E487C /* AppDelegate.swift in Sources */ = {isa = PBXBuildFile; fileRef = C59A3D332604980A001E487C /* AppDelegate.swift */; };
		C59A3D362604980A001E487C /* SceneDelegate.swift in Sources */ = {isa = PBXBuildFile; fileRef = C59A3D352604980A001E487C /* SceneDelegate.swift */; };
		C59A3D382604980B001E487C /* ViewController.swift in Sources */ = {isa = PBXBuildFile; fileRef = C59A3D372604980B001E487C /* ViewController.swift */; };
		C59A3D3B2604980B001E487C /* Main.storyboard in Resources */ = {isa = PBXBuildFile; fileRef = C59A3D392604980B001E487C /* Main.storyboard */; };
		C59A3D3D26049812001E487C /* Assets.xcassets in Resources */ = {isa = PBXBuildFile; fileRef = C59A3D3C26049812001E487C /* Assets.xcassets */; };
		C59A3D4026049812001E487C /* LaunchScreen.storyboard in Resources */ = {isa = PBXBuildFile; fileRef = C59A3D3E26049812001E487C /* LaunchScreen.storyboard */; };
		C59A3D4926049AC8001E487C /* RegisterViewController.swift in Sources */ = {isa = PBXBuildFile; fileRef = C59A3D4826049AC8001E487C /* RegisterViewController.swift */; };
		C59A3D4C26049CF5001E487C /* MapViewController.swift in Sources */ = {isa = PBXBuildFile; fileRef = C59A3D4B26049CF5001E487C /* MapViewController.swift */; };
/* End PBXBuildFile section */

/* Begin PBXFileReference section */
		C59A3D302604980A001E487C /* ScrollView_Example_App.app */ = {isa = PBXFileReference; explicitFileType = wrapper.application; includeInIndex = 0; path = ScrollView_Example_App.app; sourceTree = BUILT_PRODUCTS_DIR; };
		C59A3D332604980A001E487C /* AppDelegate.swift */ = {isa = PBXFileReference; lastKnownFileType = sourcecode.swift; path = AppDelegate.swift; sourceTree = "<group>"; };
		C59A3D352604980A001E487C /* SceneDelegate.swift */ = {isa = PBXFileReference; lastKnownFileType = sourcecode.swift; path = SceneDelegate.swift; sourceTree = "<group>"; };
		C59A3D372604980B001E487C /* ViewController.swift */ = {isa = PBXFileReference; lastKnownFileType = sourcecode.swift; path = ViewController.swift; sourceTree = "<group>"; };
		C59A3D3A2604980B001E487C /* Base */ = {isa = PBXFileReference; lastKnownFileType = file.storyboard; name = Base; path = Base.lproj/Main.storyboard; sourceTree = "<group>"; };
		C59A3D3C26049812001E487C /* Assets.xcassets */ = {isa = PBXFileReference; lastKnownFileType = folder.assetcatalog; path = Assets.xcassets; sourceTree = "<group>"; };
		C59A3D3F26049812001E487C /* Base */ = {isa = PBXFileReference; lastKnownFileType = file.storyboard; name = Base; path = Base.lproj/LaunchScreen.storyboard; sourceTree = "<group>"; };
		C59A3D4126049812001E487C /* Info.plist */ = {isa = PBXFileReference; lastKnownFileType = text.plist.xml; path = Info.plist; sourceTree = "<group>"; };
		C59A3D4826049AC8001E487C /* RegisterViewController.swift */ = {isa = PBXFileReference; lastKnownFileType = sourcecode.swift; path = RegisterViewController.swift; sourceTree = "<group>"; };
		C59A3D4B26049CF5001E487C /* MapViewController.swift */ = {isa = PBXFileReference; lastKnownFileType = sourcecode.swift; path = MapViewController.swift; sourceTree = "<group>"; };
/* End PBXFileReference section */

/* Begin PBXFrameworksBuildPhase section */
		C59A3D2D2604980A001E487C /* Frameworks */ = {
			isa = PBXFrameworksBuildPhase;
			buildActionMask = 2147483647;
			files = (
			);
			runOnlyForDeploymentPostprocessing = 0;
		};
/* End PBXFrameworksBuildPhase section */

/* Begin PBXGroup section */
		C59A3D272604980A001E487C = {
			isa = PBXGroup;
			children = (
				C59A3D322604980A001E487C /* ScrollView_Example_App */,
				C59A3D312604980A001E487C /* Products */,
			);
			sourceTree = "<group>";
		};
		C59A3D312604980A001E487C /* Products */ = {
			isa = PBXGroup;
			children = (
				C59A3D302604980A001E487C /* ScrollView_Example_App.app */,
			);
			name = Products;
			sourceTree = "<group>";
		};
		C59A3D322604980A001E487C /* ScrollView_Example_App */ = {
			isa = PBXGroup;
			children = (
				C59A3D332604980A001E487C /* AppDelegate.swift */,
				C59A3D352604980A001E487C /* SceneDelegate.swift */,
				C59A3D372604980B001E487C /* ViewController.swift */,
				C59A3D4826049AC8001E487C /* RegisterViewController.swift */,
				C59A3D4B26049CF5001E487C /* MapViewController.swift */,
				C59A3D392604980B001E487C /* Main.storyboard */,
				C59A3D3C26049812001E487C /* Assets.xcassets */,
				C59A3D3E26049812001E487C /* LaunchScreen.storyboard */,
				C59A3D4126049812001E487C /* Info.plist */,
			);
			path = ScrollView_Example_App;
			sourceTree = "<group>";
		};
/* End PBXGroup section */

/* Begin PBXNativeTarget section */
		C59A3D2F2604980A001E487C /* ScrollView_Example_App */ = {
			isa = PBXNativeTarget;
			buildConfigurationList = C59A3D4426049812001E487C /* Build configuration list for PBXNativeTarget "ScrollView_Example_App" */;
			buildPhases = (
				C59A3D2C2604980A001E487C /* Sources */,
				C59A3D2D2604980A001E487C /* Frameworks */,
				C59A3D2E2604980A001E487C /* Resources */,
			);
			buildRules = (
			);
			dependencies = (
			);
			name = ScrollView_Example_App;
			productName = ScrollView_Example_App;
			productReference = C59A3D302604980A001E487C /* ScrollView_Example_App.app */;
			productType = "com.apple.product-type.application";
		};
/* End PBXNativeTarget section */

/* Begin PBXProject section */
		C59A3D282604980A001E487C /* Project object */ = {
			isa = PBXProject;
			attributes = {
				LastSwiftUpdateCheck = 1240;
				LastUpgradeCheck = 1240;
				TargetAttributes = {
					C59A3D2F2604980A001E487C = {
						CreatedOnToolsVersion = 12.4;
					};
				};
			};
			buildConfigurationList = C59A3D2B2604980A001E487C /* Build configuration list for PBXProject "ScrollView_Example_App" */;
			compatibilityVersion = "Xcode 9.3";
			developmentRegion = en;
			hasScannedForEncodings = 0;
			knownRegions = (
				en,
				Base,
			);
			mainGroup = C59A3D272604980A001E487C;
			productRefGroup = C59A3D312604980A001E487C /* Products */;
			projectDirPath = "";
			projectRoot = "";
			targets = (
				C59A3D2F2604980A001E487C /* ScrollView_Example_App */,
			);
		};
/* End PBXProject section */

/* Begin PBXResourcesBuildPhase section */
		C59A3D2E2604980A001E487C /* Resources */ = {
			isa = PBXResourcesBuildPhase;
			buildActionMask = 2147483647;
			files = (
				C59A3D4026049812001E487C /* LaunchScreen.storyboard in Resources */,
				C59A3D3D26049812001E487C /* Assets.xcassets in Resources */,
				C59A3D3B2604980B001E487C /* Main.storyboard in Resources */,
			);
			runOnlyForDeploymentPostprocessing = 0;
		};
/* End PBXResourcesBuildPhase section */

/* Begin PBXSourcesBuildPhase section */
		C59A3D2C2604980A001E487C /* Sources */ = {
			isa = PBXSourcesBuildPhase;
			buildActionMask = 2147483647;
			files = (
				C59A3D382604980B001E487C /* ViewController.swift in Sources */,
				C59A3D342604980A001E487C /* AppDelegate.swift in Sources */,
				C59A3D362604980A001E487C /* SceneDelegate.swift in Sources */,
				C59A3D4C26049CF5001E487C /* MapViewController.swift in Sources */,
				C59A3D4926049AC8001E487C /* RegisterViewController.swift in Sources */,
			);
			runOnlyForDeploymentPostprocessing = 0;
		};
/* End PBXSourcesBuildPhase section */

/* Begin PBXVariantGroup section */
		C59A3D392604980B001E487C /* Main.storyboard */ = {
			isa = PBXVariantGroup;
			children = (
				C59A3D3A2604980B001E487C /* Base */,
			);
			name = Main.storyboard;
			sourceTree = "<group>";
		};
		C59A3D3E26049812001E487C /* LaunchScreen.storyboard */ = {
			isa = PBXVariantGroup;
			children = (
				C59A3D3F26049812001E487C /* Base */,
			);
			name = LaunchScreen.storyboard;
			sourceTree = "<group>";
		};
/* End PBXVariantGroup section */

/* Begin XCBuildConfiguration section */
		C59A3D4226049812001E487C /* Debug */ = {
			isa = XCBuildConfiguration;
			buildSettings = {
				ALWAYS_SEARCH_USER_PATHS = NO;
				CLANG_ANALYZER_NONNULL = YES;
				CLANG_ANALYZER_NUMBER_OBJECT_CONVERSION = YES_AGGRESSIVE;
				CLANG_CXX_LANGUAGE_STANDARD = "gnu++14";
				CLANG_CXX_LIBRARY = "libc++";
				CLANG_ENABLE_MODULES = YES;
				CLANG_ENABLE_OBJC_ARC = YES;
				CLANG_ENABLE_OBJC_WEAK = YES;
				CLANG_WARN_BLOCK_CAPTURE_AUTORELEASING = YES;
				CLANG_WARN_BOOL_CONVERSION = YES;
				CLANG_WARN_COMMA = YES;
				CLANG_WARN_CONSTANT_CONVERSION = YES;
				CLANG_WARN_DEPRECATED_OBJC_IMPLEMENTATIONS = YES;
				CLANG_WARN_DIRECT_OBJC_ISA_USAGE = YES_ERROR;
				CLANG_WARN_DOCUMENTATION_COMMENTS = YES;
				CLANG_WARN_EMPTY_BODY = YES;
				CLANG_WARN_ENUM_CONVERSION = YES;
				CLANG_WARN_INFINITE_RECURSION = YES;
				CLANG_WARN_INT_CONVERSION = YES;
				CLANG_WARN_NON_LITERAL_NULL_CONVERSION = YES;
				CLANG_WARN_OBJC_IMPLICIT_RETAIN_SELF = YES;
				CLANG_WARN_OBJC_LITERAL_CONVERSION = YES;
				CLANG_WARN_OBJC_ROOT_CLASS = YES_ERROR;
				CLANG_WARN_QUOTED_INCLUDE_IN_FRAMEWORK_HEADER = YES;
				CLANG_WARN_RANGE_LOOP_ANALYSIS = YES;
				CLANG_WARN_STRICT_PROTOTYPES = YES;
				CLANG_WARN_SUSPICIOUS_MOVE = YES;
				CLANG_WARN_UNGUARDED_AVAILABILITY = YES_AGGRESSIVE;
				CLANG_WARN_UNREACHABLE_CODE = YES;
				CLANG_WARN__DUPLICATE_METHOD_MATCH = YES;
				COPY_PHASE_STRIP = NO;
				DEBUG_INFORMATION_FORMAT = dwarf;
				ENABLE_STRICT_OBJC_MSGSEND = YES;
				ENABLE_TESTABILITY = YES;
				GCC_C_LANGUAGE_STANDARD = gnu11;
				GCC_DYNAMIC_NO_PIC = NO;
				GCC_NO_COMMON_BLOCKS = YES;
				GCC_OPTIMIZATION_LEVEL = 0;
				GCC_PREPROCESSOR_DEFINITIONS = (
					"DEBUG=1",
					"$(inherited)",
				);
				GCC_WARN_64_TO_32_BIT_CONVERSION = YES;
				GCC_WARN_ABOUT_RETURN_TYPE = YES_ERROR;
				GCC_WARN_UNDECLARED_SELECTOR = YES;
				GCC_WARN_UNINITIALIZED_AUTOS = YES_AGGRESSIVE;
				GCC_WARN_UNUSED_FUNCTION = YES;
				GCC_WARN_UNUSED_VARIABLE = YES;
				IPHONEOS_DEPLOYMENT_TARGET = 14.4;
				MTL_ENABLE_DEBUG_INFO = INCLUDE_SOURCE;
				MTL_FAST_MATH = YES;
				ONLY_ACTIVE_ARCH = YES;
				SDKROOT = iphoneos;
				SWIFT_ACTIVE_COMPILATION_CONDITIONS = DEBUG;
				SWIFT_OPTIMIZATION_LEVEL = "-Onone";
			};
			name = Debug;
		};
		C59A3D4326049812001E487C /* Release */ = {
			isa = XCBuildConfiguration;
			buildSettings = {
				ALWAYS_SEARCH_USER_PATHS = NO;
				CLANG_ANALYZER_NONNULL = YES;
				CLANG_ANALYZER_NUMBER_OBJECT_CONVERSION = YES_AGGRESSIVE;
				CLANG_CXX_LANGUAGE_STANDARD = "gnu++14";
				CLANG_CXX_LIBRARY = "libc++";
				CLANG_ENABLE_MODULES = YES;
				CLANG_ENABLE_OBJC_ARC = YES;
				CLANG_ENABLE_OBJC_WEAK = YES;
				CLANG_WARN_BLOCK_CAPTURE_AUTORELEASING = YES;
				CLANG_WARN_BOOL_CONVERSION = YES;
				CLANG_WARN_COMMA = YES;
				CLANG_WARN_CONSTANT_CONVERSION = YES;
				CLANG_WARN_DEPRECATED_OBJC_IMPLEMENTATIONS = YES;
				CLANG_WARN_DIRECT_OBJC_ISA_USAGE = YES_ERROR;
				CLANG_WARN_DOCUMENTATION_COMMENTS = YES;
				CLANG_WARN_EMPTY_BODY = YES;
				CLANG_WARN_ENUM_CONVERSION = YES;
				CLANG_WARN_INFINITE_RECURSION = YES;
				CLANG_WARN_INT_CONVERSION = YES;
				CLANG_WARN_NON_LITERAL_NULL_CONVERSION = YES;
				CLANG_WARN_OBJC_IMPLICIT_RETAIN_SELF = YES;
				CLANG_WARN_OBJC_LITERAL_CONVERSION = YES;
				CLANG_WARN_OBJC_ROOT_CLASS = YES_ERROR;
				CLANG_WARN_QUOTED_INCLUDE_IN_FRAMEWORK_HEADER = YES;
				CLANG_WARN_RANGE_LOOP_ANALYSIS = YES;
				CLANG_WARN_STRICT_PROTOTYPES = YES;
				CLANG_WARN_SUSPICIOUS_MOVE = YES;
				CLANG_WARN_UNGUARDED_AVAILABILITY = YES_AGGRESSIVE;
				CLANG_WARN_UNREACHABLE_CODE = YES;
				CLANG_WARN__DUPLICATE_METHOD_MATCH = YES;
				COPY_PHASE_STRIP = NO;
				DEBUG_INFORMATION_FORMAT = "dwarf-with-dsym";
				ENABLE_NS_ASSERTIONS = NO;
				ENABLE_STRICT_OBJC_MSGSEND = YES;
				GCC_C_LANGUAGE_STANDARD = gnu11;
				GCC_NO_COMMON_BLOCKS = YES;
				GCC_WARN_64_TO_32_BIT_CONVERSION = YES;
				GCC_WARN_ABOUT_RETURN_TYPE = YES_ERROR;
				GCC_WARN_UNDECLARED_SELECTOR = YES;
				GCC_WARN_UNINITIALIZED_AUTOS = YES_AGGRESSIVE;
				GCC_WARN_UNUSED_FUNCTION = YES;
				GCC_WARN_UNUSED_VARIABLE = YES;
				IPHONEOS_DEPLOYMENT_TARGET = 14.4;
				MTL_ENABLE_DEBUG_INFO = NO;
				MTL_FAST_MATH = YES;
				SDKROOT = iphoneos;
				SWIFT_COMPILATION_MODE = wholemodule;
				SWIFT_OPTIMIZATION_LEVEL = "-O";
				VALIDATE_PRODUCT = YES;
			};
			name = Release;
		};
		C59A3D4526049812001E487C /* Debug */ = {
			isa = XCBuildConfiguration;
			buildSettings = {
				ASSETCATALOG_COMPILER_APPICON_NAME = AppIcon;
				ASSETCATALOG_COMPILER_GLOBAL_ACCENT_COLOR_NAME = AccentColor;
				CODE_SIGN_STYLE = Automatic;
				DEVELOPMENT_TEAM = 26XLV8UY3L;
				INFOPLIST_FILE = ScrollView_Example_App/Info.plist;
				LD_RUNPATH_SEARCH_PATHS = (
					"$(inherited)",
					"@executable_path/Frameworks",
				);
				PRODUCT_BUNDLE_IDENTIFIER = "com.enric.ScrollView-Example-App";
				PRODUCT_NAME = "$(TARGET_NAME)";
				SWIFT_VERSION = 5.0;
				TARGETED_DEVICE_FAMILY = "1,2";
			};
			name = Debug;
		};
		C59A3D4626049812001E487C /* Release */ = {
			isa = XCBuildConfiguration;
			buildSettings = {
				ASSETCATALOG_COMPILER_APPICON_NAME = AppIcon;
				ASSETCATALOG_COMPILER_GLOBAL_ACCENT_COLOR_NAME = AccentColor;
				CODE_SIGN_STYLE = Automatic;
				DEVELOPMENT_TEAM = 26XLV8UY3L;
				INFOPLIST_FILE = ScrollView_Example_App/Info.plist;
				LD_RUNPATH_SEARCH_PATHS = (
					"$(inherited)",
					"@executable_path/Frameworks",
				);
				PRODUCT_BUNDLE_IDENTIFIER = "com.enric.ScrollView-Example-App";
				PRODUCT_NAME = "$(TARGET_NAME)";
				SWIFT_VERSION = 5.0;
				TARGETED_DEVICE_FAMILY = "1,2";
			};
			name = Release;
		};
/* End XCBuildConfiguration section */

/* Begin XCConfigurationList section */
		C59A3D2B2604980A001E487C /* Build configuration list for PBXProject "ScrollView_Example_App" */ = {
			isa = XCConfigurationList;
			buildConfigurations = (
				C59A3D4226049812001E487C /* Debug */,
				C59A3D4326049812001E487C /* Release */,
			);
			defaultConfigurationIsVisible = 0;
			defaultConfigurationName = Release;
		};
		C59A3D4426049812001E487C /* Build configuration list for PBXNativeTarget "ScrollView_Example_App" */ = {
			isa = XCConfigurationList;
			buildConfigurations = (
				C59A3D4526049812001E487C /* Debug */,
				C59A3D4626049812001E487C /* Release */,
			);
			defaultConfigurationIsVisible = 0;
			defaultConfigurationName = Release;
		};
/* End XCConfigurationList section */
	};
	rootObject = C59A3D282604980A001E487C /* Project object */;
}
